
Microsoft Visual Studio Solution File, Format Version 12.00
# Visual Studio Version 17
VisualStudioVersion = 17.0.31903.59
MinimumVisualStudioVersion = 10.0.40219.1
Project("{2150E333-8FDC-42A3-9474-1A3956D46DE8}") = "src", "src", "{E8C08DF2-E3BE-4424-AA2D-80D7DA0E5D9E}"
EndProject
Project("{FAE04EC0-301F-11D3-BF4B-00C04F79EFBC}") = "VaultSandbox.Client", "src\VaultSandbox.Client\VaultSandbox.Client.csproj", "{4C9F6064-8B97-496F-9453-DC4B8F70DD6B}"
EndProject
Project("{2150E333-8FDC-42A3-9474-1A3956D46DE8}") = "tests", "tests", "{3682A5AD-A94A-496E-A8BE-84E285A97DCF}"
EndProject
Project("{FAE04EC0-301F-11D3-BF4B-00C04F79EFBC}") = "VaultSandbox.Client.Tests", "tests\VaultSandbox.Client.Tests\VaultSandbox.Client.Tests.csproj", "{F08139BF-BDEF-4BC9-809B-6FB202892158}"
EndProject
Global
	GlobalSection(SolutionConfigurationPlatforms) = preSolution
		Debug|Any CPU = Debug|Any CPU
		Release|Any CPU = Release|Any CPU
	EndGlobalSection
	GlobalSection(SolutionProperties) = preSolution
		HideSolutionNode = FALSE
	EndGlobalSection
	GlobalSection(ProjectConfigurationPlatforms) = postSolution
		{4C9F6064-8B97-496F-9453-DC4B8F70DD6B}.Debug|Any CPU.ActiveCfg = Debug|Any CPU
		{4C9F6064-8B97-496F-9453-DC4B8F70DD6B}.Debug|Any CPU.Build.0 = Debug|Any CPU
		{4C9F6064-8B97-496F-9453-DC4B8F70DD6B}.Release|Any CPU.ActiveCfg = Release|Any CPU
		{4C9F6064-8B97-496F-9453-DC4B8F70DD6B}.Release|Any CPU.Build.0 = Release|Any CPU
		{F08139BF-BDEF-4BC9-809B-6FB202892158}.Debug|Any CPU.ActiveCfg = Debug|Any CPU
		{F08139BF-BDEF-4BC9-809B-6FB202892158}.Debug|Any CPU.Build.0 = Debug|Any CPU
		{F08139BF-BDEF-4BC9-809B-6FB202892158}.Release|Any CPU.ActiveCfg = Release|Any CPU
		{F08139BF-BDEF-4BC9-809B-6FB202892158}.Release|Any CPU.Build.0 = Release|Any CPU
	EndGlobalSection
	GlobalSection(NestedProjects) = preSolution
		{4C9F6064-8B97-496F-9453-DC4B8F70DD6B} = {E8C08DF2-E3BE-4424-AA2D-80D7DA0E5D9E}
		{F08139BF-BDEF-4BC9-809B-6FB202892158} = {3682A5AD-A94A-496E-A8BE-84E285A97DCF}
	EndGlobalSection
EndGlobal
